github.com/ByteSizedMarius/rewerse-engineering v0.0.0-20250309143308-8e577fdbc656 h1:5YjQjvZTcO3T73VGAoKDpHbxlc01ZR6Z0NauvA4x+Pk=
github.com/ByteSizedMarius/rewerse-engineering v0.0.0-20250309143308-8e577fdbc656/go.mod h1:XuyCJQPBK2n9mMx0nWF3uwt9UCEb5R9OU6nUxaY0JT0=
github.com/a-h/templ v0.3.906 h1:ZUThc8Q9n04UATaCwaG60pB1AqbulLmYEAMnWV63svg=
github.com/a-h/templ v0.3.906/go.mod h1:FFAu4dI//ESmEN7PQkJ7E7QfnSEMdcnu7QrAY8Dn334=
github.com/alexedwards/scs/v2 v2.9.0 h1:xa05mVpwTBm1iLeTMNFfAWpKUm4fXAW7CeAViqBVS90=
github.com/alexedwards/scs/v2 v2.9.0/go.mod h1:ToaROZxyKukJKT/xLcVQAChi5k6+Pn1Gvmdl7h3RRj8=
